// !$*UTF8*$!
{
	archiveVersion = 1;
	classes = {
	};
	objectVersion = 46;
	objects = {

/* Begin PBXBuildFile section */
		BB03B3DF1EABB380007BF9FC /* VarDeclarationType.swift in Sources */ = {isa = PBXBuildFile; fileRef = BBA433191EABB2DD0018CE48 /* VarDeclarationType.swift */; };
		BB318B161EB240A300DF67FC /* ArgumentParserTests.swift in Sources */ = {isa = PBXBuildFile; fileRef = BB318B151EB240A300DF67FC /* ArgumentParserTests.swift */; };
		BB318B181EB240D300DF67FC /* ArgumentParser.swift in Sources */ = {isa = PBXBuildFile; fileRef = BB318B171EB240D300DF67FC /* ArgumentParser.swift */; };
		BB318B191EB240D300DF67FC /* ArgumentParser.swift in Sources */ = {isa = PBXBuildFile; fileRef = BB318B171EB240D300DF67FC /* ArgumentParser.swift */; };
		BB318B1B1EB2439000DF67FC /* ArgumentType.swift in Sources */ = {isa = PBXBuildFile; fileRef = BB318B1A1EB2439000DF67FC /* ArgumentType.swift */; };
		BB318B1C1EB2439000DF67FC /* ArgumentType.swift in Sources */ = {isa = PBXBuildFile; fileRef = BB318B1A1EB2439000DF67FC /* ArgumentType.swift */; };
		BB8A01271EAC99E400D50CF7 /* VarDeclarationTypeParser.swift in Sources */ = {isa = PBXBuildFile; fileRef = BB8A01261EAC99E400D50CF7 /* VarDeclarationTypeParser.swift */; };
		BB8A01281EAC9A8600D50CF7 /* VarDeclarationTypeParser.swift in Sources */ = {isa = PBXBuildFile; fileRef = BB8A01261EAC99E400D50CF7 /* VarDeclarationTypeParser.swift */; };
		BB8A012A1EACBC6600D50CF7 /* TypeParserTests.swift in Sources */ = {isa = PBXBuildFile; fileRef = BB8A01291EACBC6600D50CF7 /* TypeParserTests.swift */; };
		BB8A012C1EACBC8200D50CF7 /* TypeParser.swift in Sources */ = {isa = PBXBuildFile; fileRef = BB8A012B1EACBC8200D50CF7 /* TypeParser.swift */; };
		BB8A012D1EACBC8900D50CF7 /* TypeParser.swift in Sources */ = {isa = PBXBuildFile; fileRef = BB8A012B1EACBC8200D50CF7 /* TypeParser.swift */; };
		BBA24AA21EA9459800ADCAAF /* main.swift in Sources */ = {isa = PBXBuildFile; fileRef = BBA24AA11EA9459800ADCAAF /* main.swift */; };
		BBA24AA91EA945C800ADCAAF /* Token.swift in Sources */ = {isa = PBXBuildFile; fileRef = BBA24AA81EA945C800ADCAAF /* Token.swift */; };
		BBA24AB71EA946BD00ADCAAF /* Parser.swift in Sources */ = {isa = PBXBuildFile; fileRef = BBA24AB61EA946BD00ADCAAF /* Parser.swift */; };
		BBA24ACD1EA94D4600ADCAAF /* Token.swift in Sources */ = {isa = PBXBuildFile; fileRef = BBA24AA81EA945C800ADCAAF /* Token.swift */; };
		BBA24AD01EA94DC700ADCAAF /* ParserTests.swift in Sources */ = {isa = PBXBuildFile; fileRef = BBA24ACF1EA94DC700ADCAAF /* ParserTests.swift */; };
		BBA24AD11EA9573300ADCAAF /* Parser.swift in Sources */ = {isa = PBXBuildFile; fileRef = BBA24AB61EA946BD00ADCAAF /* Parser.swift */; };
		BBA4331A1EABB2DD0018CE48 /* VarDeclarationType.swift in Sources */ = {isa = PBXBuildFile; fileRef = BBA433191EABB2DD0018CE48 /* VarDeclarationType.swift */; };
		BBA4331C1EABB2F90018CE48 /* VarDeclarationTypeParserTests.swift in Sources */ = {isa = PBXBuildFile; fileRef = BBA4331B1EABB2F90018CE48 /* VarDeclarationTypeParserTests.swift */; };
		BBCE32E21EB12247005732CC /* FunctionDeclarationParserTests.swift in Sources */ = {isa = PBXBuildFile; fileRef = BBCE32E11EB12247005732CC /* FunctionDeclarationParserTests.swift */; };
		BBCE32E41EB122A5005732CC /* FunctionDeclarationParser.swift in Sources */ = {isa = PBXBuildFile; fileRef = BBCE32E31EB122A5005732CC /* FunctionDeclarationParser.swift */; };
		BBCE32E51EB122A5005732CC /* FunctionDeclarationParser.swift in Sources */ = {isa = PBXBuildFile; fileRef = BBCE32E31EB122A5005732CC /* FunctionDeclarationParser.swift */; };
		BBCE32E71EB125A6005732CC /* FunctionDeclarationType.swift in Sources */ = {isa = PBXBuildFile; fileRef = BBCE32E61EB125A6005732CC /* FunctionDeclarationType.swift */; };
		BBCE32E81EB125A6005732CC /* FunctionDeclarationType.swift in Sources */ = {isa = PBXBuildFile; fileRef = BBCE32E61EB125A6005732CC /* FunctionDeclarationType.swift */; };
		BBCE32EA1EB12838005732CC /* XCTextCase.swift in Sources */ = {isa = PBXBuildFile; fileRef = BBCE32E91EB12838005732CC /* XCTextCase.swift */; };
		BBCE32EC1EB12C78005732CC /* ProtocolParserTests.swift in Sources */ = {isa = PBXBuildFile; fileRef = BBCE32EB1EB12C78005732CC /* ProtocolParserTests.swift */; };
		BBCE32EE1EB12CD4005732CC /* ProtocolParser.swift in Sources */ = {isa = PBXBuildFile; fileRef = BBCE32ED1EB12CD4005732CC /* ProtocolParser.swift */; };
		BBCE32EF1EB12CD4005732CC /* ProtocolParser.swift in Sources */ = {isa = PBXBuildFile; fileRef = BBCE32ED1EB12CD4005732CC /* ProtocolParser.swift */; };
		BBCE32F11EB12F57005732CC /* Protocol.swift in Sources */ = {isa = PBXBuildFile; fileRef = BBCE32F01EB12F57005732CC /* Protocol.swift */; };
		BBCE32F21EB12F57005732CC /* Protocol.swift in Sources */ = {isa = PBXBuildFile; fileRef = BBCE32F01EB12F57005732CC /* Protocol.swift */; };
		BBD4DE871EB110C700AEBE06 /* Type.swift in Sources */ = {isa = PBXBuildFile; fileRef = BBD4DE861EB110C700AEBE06 /* Type.swift */; };
		BBD4DE881EB110EE00AEBE06 /* Type.swift in Sources */ = {isa = PBXBuildFile; fileRef = BBD4DE861EB110C700AEBE06 /* Type.swift */; };
		BBD4DE8A1EB1145D00AEBE06 /* StorageTests.swift in Sources */ = {isa = PBXBuildFile; fileRef = BBD4DE891EB1145D00AEBE06 /* StorageTests.swift */; };
		BBD4DE8C1EB1149600AEBE06 /* Storage.swift in Sources */ = {isa = PBXBuildFile; fileRef = BBD4DE8B1EB1149600AEBE06 /* Storage.swift */; };
		BBD4DE8D1EB1149D00AEBE06 /* Storage.swift in Sources */ = {isa = PBXBuildFile; fileRef = BBD4DE8B1EB1149600AEBE06 /* Storage.swift */; };
/* End PBXBuildFile section */

/* Begin PBXFileReference section */
		BB318B151EB240A300DF67FC /* ArgumentParserTests.swift */ = {isa = PBXFileReference; fileEncoding = 4; lastKnownFileType = sourcecode.swift; path = ArgumentParserTests.swift; sourceTree = "<group>"; };
		BB318B171EB240D300DF67FC /* ArgumentParser.swift */ = {isa = PBXFileReference; fileEncoding = 4; lastKnownFileType = sourcecode.swift; path = ArgumentParser.swift; sourceTree = "<group>"; };
		BB318B1A1EB2439000DF67FC /* ArgumentType.swift */ = {isa = PBXFileReference; fileEncoding = 4; lastKnownFileType = sourcecode.swift; path = ArgumentType.swift; sourceTree = "<group>"; };
		BB8A01261EAC99E400D50CF7 /* VarDeclarationTypeParser.swift */ = {isa = PBXFileReference; fileEncoding = 4; lastKnownFileType = sourcecode.swift; path = VarDeclarationTypeParser.swift; sourceTree = "<group>"; };
		BB8A01291EACBC6600D50CF7 /* TypeParserTests.swift */ = {isa = PBXFileReference; fileEncoding = 4; lastKnownFileType = sourcecode.swift; path = TypeParserTests.swift; sourceTree = "<group>"; };
		BB8A012B1EACBC8200D50CF7 /* TypeParser.swift */ = {isa = PBXFileReference; fileEncoding = 4; lastKnownFileType = sourcecode.swift; path = TypeParser.swift; sourceTree = "<group>"; };
		BBA24A9E1EA9459800ADCAAF /* Rubicon */ = {isa = PBXFileReference; explicitFileType = "compiled.mach-o.executable"; includeInIndex = 0; path = Rubicon; sourceTree = BUILT_PRODUCTS_DIR; };
		BBA24AA11EA9459800ADCAAF /* main.swift */ = {isa = PBXFileReference; lastKnownFileType = sourcecode.swift; path = main.swift; sourceTree = "<group>"; };
		BBA24AA81EA945C800ADCAAF /* Token.swift */ = {isa = PBXFileReference; fileEncoding = 4; lastKnownFileType = sourcecode.swift; path = Token.swift; sourceTree = "<group>"; };
		BBA24AB61EA946BD00ADCAAF /* Parser.swift */ = {isa = PBXFileReference; fileEncoding = 4; lastKnownFileType = sourcecode.swift; path = Parser.swift; sourceTree = "<group>"; };
		BBA24AC01EA9498B00ADCAAF /* Tests.xctest */ = {isa = PBXFileReference; explicitFileType = wrapper.cfbundle; includeInIndex = 0; path = Tests.xctest; sourceTree = BUILT_PRODUCTS_DIR; };
		BBA24AC41EA9498B00ADCAAF /* Info.plist */ = {isa = PBXFileReference; lastKnownFileType = text.plist.xml; path = Info.plist; sourceTree = "<group>"; };
		BBA24ACF1EA94DC700ADCAAF /* ParserTests.swift */ = {isa = PBXFileReference; fileEncoding = 4; lastKnownFileType = sourcecode.swift; path = ParserTests.swift; sourceTree = "<group>"; };
		BBA433191EABB2DD0018CE48 /* VarDeclarationType.swift */ = {isa = PBXFileReference; fileEncoding = 4; lastKnownFileType = sourcecode.swift; path = VarDeclarationType.swift; sourceTree = "<group>"; };
		BBA4331B1EABB2F90018CE48 /* VarDeclarationTypeParserTests.swift */ = {isa = PBXFileReference; fileEncoding = 4; lastKnownFileType = sourcecode.swift; path = VarDeclarationTypeParserTests.swift; sourceTree = "<group>"; };
		BBCE32E11EB12247005732CC /* FunctionDeclarationParserTests.swift */ = {isa = PBXFileReference; fileEncoding = 4; lastKnownFileType = sourcecode.swift; path = FunctionDeclarationParserTests.swift; sourceTree = "<group>"; };
		BBCE32E31EB122A5005732CC /* FunctionDeclarationParser.swift */ = {isa = PBXFileReference; fileEncoding = 4; lastKnownFileType = sourcecode.swift; path = FunctionDeclarationParser.swift; sourceTree = "<group>"; };
		BBCE32E61EB125A6005732CC /* FunctionDeclarationType.swift */ = {isa = PBXFileReference; fileEncoding = 4; lastKnownFileType = sourcecode.swift; path = FunctionDeclarationType.swift; sourceTree = "<group>"; };
		BBCE32E91EB12838005732CC /* XCTextCase.swift */ = {isa = PBXFileReference; fileEncoding = 4; lastKnownFileType = sourcecode.swift; path = XCTextCase.swift; sourceTree = "<group>"; };
		BBCE32EB1EB12C78005732CC /* ProtocolParserTests.swift */ = {isa = PBXFileReference; fileEncoding = 4; lastKnownFileType = sourcecode.swift; path = ProtocolParserTests.swift; sourceTree = "<group>"; };
		BBCE32ED1EB12CD4005732CC /* ProtocolParser.swift */ = {isa = PBXFileReference; fileEncoding = 4; lastKnownFileType = sourcecode.swift; path = ProtocolParser.swift; sourceTree = "<group>"; };
		BBCE32F01EB12F57005732CC /* Protocol.swift */ = {isa = PBXFileReference; fileEncoding = 4; lastKnownFileType = sourcecode.swift; path = Protocol.swift; sourceTree = "<group>"; };
		BBD4DE861EB110C700AEBE06 /* Type.swift */ = {isa = PBXFileReference; fileEncoding = 4; lastKnownFileType = sourcecode.swift; path = Type.swift; sourceTree = "<group>"; };
		BBD4DE891EB1145D00AEBE06 /* StorageTests.swift */ = {isa = PBXFileReference; fileEncoding = 4; lastKnownFileType = sourcecode.swift; path = StorageTests.swift; sourceTree = "<group>"; };
		BBD4DE8B1EB1149600AEBE06 /* Storage.swift */ = {isa = PBXFileReference; fileEncoding = 4; lastKnownFileType = sourcecode.swift; path = Storage.swift; sourceTree = "<group>"; };
/* End PBXFileReference section */

/* Begin PBXFrameworksBuildPhase section */
		BBA24A9B1EA9459800ADCAAF /* Frameworks */ = {
			isa = PBXFrameworksBuildPhase;
			buildActionMask = 2147483647;
			files = (
			);
			runOnlyForDeploymentPostprocessing = 0;
		};
		BBA24ABD1EA9498B00ADCAAF /* Frameworks */ = {
			isa = PBXFrameworksBuildPhase;
			buildActionMask = 2147483647;
			files = (
			);
			runOnlyForDeploymentPostprocessing = 0;
		};
/* End PBXFrameworksBuildPhase section */

/* Begin PBXGroup section */
		BBA24A951EA9459800ADCAAF = {
			isa = PBXGroup;
			children = (
				BBA24A9F1EA9459800ADCAAF /* Products */,
				BBA24AA01EA9459800ADCAAF /* Rubicon */,
				BBA24AC11EA9498B00ADCAAF /* Tests */,
			);
			sourceTree = "<group>";
		};
		BBA24A9F1EA9459800ADCAAF /* Products */ = {
			isa = PBXGroup;
			children = (
				BBA24A9E1EA9459800ADCAAF /* Rubicon */,
				BBA24AC01EA9498B00ADCAAF /* Tests.xctest */,
			);
			name = Products;
			sourceTree = "<group>";
		};
		BBA24AA01EA9459800ADCAAF /* Rubicon */ = {
			isa = PBXGroup;
			children = (
				BBCE32E31EB122A5005732CC /* FunctionDeclarationParser.swift */,
				BBCE32E61EB125A6005732CC /* FunctionDeclarationType.swift */,
				BBA24AB61EA946BD00ADCAAF /* Parser.swift */,
				BBCE32F01EB12F57005732CC /* Protocol.swift */,
				BBCE32ED1EB12CD4005732CC /* ProtocolParser.swift */,
				BBD4DE8B1EB1149600AEBE06 /* Storage.swift */,
				BBA24AA81EA945C800ADCAAF /* Token.swift */,
				BBD4DE861EB110C700AEBE06 /* Type.swift */,
				BB8A012B1EACBC8200D50CF7 /* TypeParser.swift */,
				BBA433191EABB2DD0018CE48 /* VarDeclarationType.swift */,
				BB8A01261EAC99E400D50CF7 /* VarDeclarationTypeParser.swift */,
				BBA24AA11EA9459800ADCAAF /* main.swift */,
				BB318B171EB240D300DF67FC /* ArgumentParser.swift */,
				BB318B1A1EB2439000DF67FC /* ArgumentType.swift */,
			);
			path = Rubicon;
			sourceTree = "<group>";
		};
		BBA24AC11EA9498B00ADCAAF /* Tests */ = {
			isa = PBXGroup;
			children = (
				BB318B151EB240A300DF67FC /* ArgumentParserTests.swift */,
				BBCE32E11EB12247005732CC /* FunctionDeclarationParserTests.swift */,
				BBA24AC41EA9498B00ADCAAF /* Info.plist */,
				BBA24ACF1EA94DC700ADCAAF /* ParserTests.swift */,
				BBCE32EB1EB12C78005732CC /* ProtocolParserTests.swift */,
				BBD4DE891EB1145D00AEBE06 /* StorageTests.swift */,
				BB8A01291EACBC6600D50CF7 /* TypeParserTests.swift */,
				BBA4331B1EABB2F90018CE48 /* VarDeclarationTypeParserTests.swift */,
				BBCE32E91EB12838005732CC /* XCTextCase.swift */,
			);
			path = Tests;
			sourceTree = "<group>";
		};
/* End PBXGroup section */

/* Begin PBXNativeTarget section */
		BBA24A9D1EA9459800ADCAAF /* Rubicon */ = {
			isa = PBXNativeTarget;
			buildConfigurationList = BBA24AA51EA9459800ADCAAF /* Build configuration list for PBXNativeTarget "Rubicon" */;
			buildPhases = (
				BBA24A9A1EA9459800ADCAAF /* Sources */,
				BBA24A9B1EA9459800ADCAAF /* Frameworks */,
			);
			buildRules = (
			);
			dependencies = (
			);
			name = Rubicon;
			productName = Rubicon;
			productReference = BBA24A9E1EA9459800ADCAAF /* Rubicon */;
			productType = "com.apple.product-type.tool";
		};
		BBA24ABF1EA9498B00ADCAAF /* Tests */ = {
			isa = PBXNativeTarget;
			buildConfigurationList = BBA24AC51EA9498B00ADCAAF /* Build configuration list for PBXNativeTarget "Tests" */;
			buildPhases = (
				BBA24ABC1EA9498B00ADCAAF /* Sources */,
				BBA24ABD1EA9498B00ADCAAF /* Frameworks */,
				BBA24ABE1EA9498B00ADCAAF /* Resources */,
			);
			buildRules = (
			);
			dependencies = (
			);
			name = Tests;
			productName = Tests;
			productReference = BBA24AC01EA9498B00ADCAAF /* Tests.xctest */;
			productType = "com.apple.product-type.bundle.unit-test";
		};
/* End PBXNativeTarget section */

/* Begin PBXProject section */
		BBA24A961EA9459800ADCAAF /* Project object */ = {
			isa = PBXProject;
			attributes = {
				LastSwiftUpdateCheck = 0830;
				LastUpgradeCheck = 0830;
				ORGANIZATIONNAME = "Kryštof Matěj";
				TargetAttributes = {
					BBA24A9D1EA9459800ADCAAF = {
						CreatedOnToolsVersion = 8.3.2;
						DevelopmentTeam = M36Y4P27ZU;
						ProvisioningStyle = Automatic;
					};
					BBA24ABF1EA9498B00ADCAAF = {
						CreatedOnToolsVersion = 8.3.2;
						DevelopmentTeam = M36Y4P27ZU;
						ProvisioningStyle = Automatic;
					};
				};
			};
			buildConfigurationList = BBA24A991EA9459800ADCAAF /* Build configuration list for PBXProject "Rubicon" */;
			compatibilityVersion = "Xcode 3.2";
			developmentRegion = English;
			hasScannedForEncodings = 0;
			knownRegions = (
				en,
			);
			mainGroup = BBA24A951EA9459800ADCAAF;
			productRefGroup = BBA24A9F1EA9459800ADCAAF /* Products */;
			projectDirPath = "";
			projectRoot = "";
			targets = (
				BBA24A9D1EA9459800ADCAAF /* Rubicon */,
				BBA24ABF1EA9498B00ADCAAF /* Tests */,
			);
		};
/* End PBXProject section */

/* Begin PBXResourcesBuildPhase section */
		BBA24ABE1EA9498B00ADCAAF /* Resources */ = {
			isa = PBXResourcesBuildPhase;
			buildActionMask = 2147483647;
			files = (
			);
			runOnlyForDeploymentPostprocessing = 0;
		};
/* End PBXResourcesBuildPhase section */

/* Begin PBXSourcesBuildPhase section */
		BBA24A9A1EA9459800ADCAAF /* Sources */ = {
			isa = PBXSourcesBuildPhase;
			buildActionMask = 2147483647;
			files = (
				BB318B1B1EB2439000DF67FC /* ArgumentType.swift in Sources */,
				BBA24AA21EA9459800ADCAAF /* main.swift in Sources */,
				BB8A01271EAC99E400D50CF7 /* VarDeclarationTypeParser.swift in Sources */,
				BB8A012C1EACBC8200D50CF7 /* TypeParser.swift in Sources */,
				BBA24AA91EA945C800ADCAAF /* Token.swift in Sources */,
				BBCE32E71EB125A6005732CC /* FunctionDeclarationType.swift in Sources */,
				BBCE32E41EB122A5005732CC /* FunctionDeclarationParser.swift in Sources */,
				BBD4DE871EB110C700AEBE06 /* Type.swift in Sources */,
				BBCE32EE1EB12CD4005732CC /* ProtocolParser.swift in Sources */,
				BBD4DE8C1EB1149600AEBE06 /* Storage.swift in Sources */,
				BB318B181EB240D300DF67FC /* ArgumentParser.swift in Sources */,
				BBA24AB71EA946BD00ADCAAF /* Parser.swift in Sources */,
				BBA4331A1EABB2DD0018CE48 /* VarDeclarationType.swift in Sources */,
				BBCE32F11EB12F57005732CC /* Protocol.swift in Sources */,
			);
			runOnlyForDeploymentPostprocessing = 0;
		};
		BBA24ABC1EA9498B00ADCAAF /* Sources */ = {
			isa = PBXSourcesBuildPhase;
			buildActionMask = 2147483647;
			files = (
				BB03B3DF1EABB380007BF9FC /* VarDeclarationType.swift in Sources */,
				BBD4DE8D1EB1149D00AEBE06 /* Storage.swift in Sources */,
				BBCE32E81EB125A6005732CC /* FunctionDeclarationType.swift in Sources */,
				BBA24ACD1EA94D4600ADCAAF /* Token.swift in Sources */,
				BB318B161EB240A300DF67FC /* ArgumentParserTests.swift in Sources */,
				BBCE32EF1EB12CD4005732CC /* ProtocolParser.swift in Sources */,
				BBCE32F21EB12F57005732CC /* Protocol.swift in Sources */,
				BB318B1C1EB2439000DF67FC /* ArgumentType.swift in Sources */,
				BBCE32EA1EB12838005732CC /* XCTextCase.swift in Sources */,
				BB8A012D1EACBC8900D50CF7 /* TypeParser.swift in Sources */,
				BBCE32EC1EB12C78005732CC /* ProtocolParserTests.swift in Sources */,
				BB8A012A1EACBC6600D50CF7 /* TypeParserTests.swift in Sources */,
				BBA24AD01EA94DC700ADCAAF /* ParserTests.swift in Sources */,
				BB8A01281EAC9A8600D50CF7 /* VarDeclarationTypeParser.swift in Sources */,
				BBCE32E51EB122A5005732CC /* FunctionDeclarationParser.swift in Sources */,
				BBA24AD11EA9573300ADCAAF /* Parser.swift in Sources */,
				BBA4331C1EABB2F90018CE48 /* VarDeclarationTypeParserTests.swift in Sources */,
				BBD4DE881EB110EE00AEBE06 /* Type.swift in Sources */,
				BBD4DE8A1EB1145D00AEBE06 /* StorageTests.swift in Sources */,
				BBCE32E21EB12247005732CC /* FunctionDeclarationParserTests.swift in Sources */,
				BB318B191EB240D300DF67FC /* ArgumentParser.swift in Sources */,
			);
			runOnlyForDeploymentPostprocessing = 0;
		};
/* End PBXSourcesBuildPhase section */

/* Begin XCBuildConfiguration section */
		BBA24AA31EA9459800ADCAAF /* Debug */ = {
			isa = XCBuildConfiguration;
			buildSettings = {
				ALWAYS_SEARCH_USER_PATHS = NO;
				CLANG_ANALYZER_NONNULL = YES;
				CLANG_ANALYZER_NUMBER_OBJECT_CONVERSION = YES_AGGRESSIVE;
				CLANG_CXX_LANGUAGE_STANDARD = "gnu++0x";
				CLANG_CXX_LIBRARY = "libc++";
				CLANG_ENABLE_MODULES = YES;
				CLANG_ENABLE_OBJC_ARC = YES;
				CLANG_WARN_BOOL_CONVERSION = YES;
				CLANG_WARN_CONSTANT_CONVERSION = YES;
				CLANG_WARN_DIRECT_OBJC_ISA_USAGE = YES_ERROR;
				CLANG_WARN_DOCUMENTATION_COMMENTS = YES;
				CLANG_WARN_EMPTY_BODY = YES;
				CLANG_WARN_ENUM_CONVERSION = YES;
				CLANG_WARN_INFINITE_RECURSION = YES;
				CLANG_WARN_INT_CONVERSION = YES;
				CLANG_WARN_OBJC_ROOT_CLASS = YES_ERROR;
				CLANG_WARN_SUSPICIOUS_MOVE = YES;
				CLANG_WARN_UNREACHABLE_CODE = YES;
				CLANG_WARN__DUPLICATE_METHOD_MATCH = YES;
				CODE_SIGN_IDENTITY = "-";
				COPY_PHASE_STRIP = NO;
				DEBUG_INFORMATION_FORMAT = dwarf;
				ENABLE_STRICT_OBJC_MSGSEND = YES;
				ENABLE_TESTABILITY = YES;
				GCC_C_LANGUAGE_STANDARD = gnu99;
				GCC_DYNAMIC_NO_PIC = NO;
				GCC_NO_COMMON_BLOCKS = YES;
				GCC_OPTIMIZATION_LEVEL = 0;
				GCC_PREPROCESSOR_DEFINITIONS = (
					"DEBUG=1",
					"$(inherited)",
				);
				GCC_WARN_64_TO_32_BIT_CONVERSION = YES;
				GCC_WARN_ABOUT_RETURN_TYPE = YES_ERROR;
				GCC_WARN_UNDECLARED_SELECTOR = YES;
				GCC_WARN_UNINITIALIZED_AUTOS = YES_AGGRESSIVE;
				GCC_WARN_UNUSED_FUNCTION = YES;
				GCC_WARN_UNUSED_VARIABLE = YES;
				MACOSX_DEPLOYMENT_TARGET = 10.12;
				MTL_ENABLE_DEBUG_INFO = YES;
				ONLY_ACTIVE_ARCH = YES;
				SDKROOT = macosx;
				SWIFT_OPTIMIZATION_LEVEL = "-Onone";
			};
			name = Debug;
		};
		BBA24AA41EA9459800ADCAAF /* Release */ = {
			isa = XCBuildConfiguration;
			buildSettings = {
				ALWAYS_SEARCH_USER_PATHS = NO;
				CLANG_ANALYZER_NONNULL = YES;
				CLANG_ANALYZER_NUMBER_OBJECT_CONVERSION = YES_AGGRESSIVE;
				CLANG_CXX_LANGUAGE_STANDARD = "gnu++0x";
				CLANG_CXX_LIBRARY = "libc++";
				CLANG_ENABLE_MODULES = YES;
				CLANG_ENABLE_OBJC_ARC = YES;
				CLANG_WARN_BOOL_CONVERSION = YES;
				CLANG_WARN_CONSTANT_CONVERSION = YES;
				CLANG_WARN_DIRECT_OBJC_ISA_USAGE = YES_ERROR;
				CLANG_WARN_DOCUMENTATION_COMMENTS = YES;
				CLANG_WARN_EMPTY_BODY = YES;
				CLANG_WARN_ENUM_CONVERSION = YES;
				CLANG_WARN_INFINITE_RECURSION = YES;
				CLANG_WARN_INT_CONVERSION = YES;
				CLANG_WARN_OBJC_ROOT_CLASS = YES_ERROR;
				CLANG_WARN_SUSPICIOUS_MOVE = YES;
				CLANG_WARN_UNREACHABLE_CODE = YES;
				CLANG_WARN__DUPLICATE_METHOD_MATCH = YES;
				CODE_SIGN_IDENTITY = "-";
				COPY_PHASE_STRIP = NO;
				DEBUG_INFORMATION_FORMAT = "dwarf-with-dsym";
				ENABLE_NS_ASSERTIONS = NO;
				ENABLE_STRICT_OBJC_MSGSEND = YES;
				GCC_C_LANGUAGE_STANDARD = gnu99;
				GCC_NO_COMMON_BLOCKS = YES;
				GCC_WARN_64_TO_32_BIT_CONVERSION = YES;
				GCC_WARN_ABOUT_RETURN_TYPE = YES_ERROR;
				GCC_WARN_UNDECLARED_SELECTOR = YES;
				GCC_WARN_UNINITIALIZED_AUTOS = YES_AGGRESSIVE;
				GCC_WARN_UNUSED_FUNCTION = YES;
				GCC_WARN_UNUSED_VARIABLE = YES;
				MACOSX_DEPLOYMENT_TARGET = 10.12;
				MTL_ENABLE_DEBUG_INFO = NO;
				SDKROOT = macosx;
			};
			name = Release;
		};
		BBA24AA61EA9459800ADCAAF /* Debug */ = {
			isa = XCBuildConfiguration;
			buildSettings = {
				CODE_SIGN_IDENTITY = "Mac Developer";
				DEVELOPMENT_TEAM = M36Y4P27ZU;
				GCC_SYMBOLS_PRIVATE_EXTERN = YES;
				PRODUCT_NAME = "$(TARGET_NAME)";
				PROVISIONING_PROFILE_SPECIFIER = "";
				SWIFT_VERSION = 3.0;
			};
			name = Debug;
		};
		BBA24AA71EA9459800ADCAAF /* Release */ = {
			isa = XCBuildConfiguration;
			buildSettings = {
				CODE_SIGN_IDENTITY = "Mac Developer";
				DEVELOPMENT_TEAM = M36Y4P27ZU;
				GCC_SYMBOLS_PRIVATE_EXTERN = YES;
				PRODUCT_NAME = "$(TARGET_NAME)";
				PROVISIONING_PROFILE_SPECIFIER = "";
				SWIFT_VERSION = 3.0;
			};
			name = Release;
		};
		BBA24AC61EA9498B00ADCAAF /* Debug */ = {
			isa = XCBuildConfiguration;
			buildSettings = {
				COMBINE_HIDPI_IMAGES = YES;
				DEVELOPMENT_TEAM = M36Y4P27ZU;
				INFOPLIST_FILE = Tests/Info.plist;
				LD_RUNPATH_SEARCH_PATHS = "$(inherited) @executable_path/../Frameworks @loader_path/../Frameworks";
				PRODUCT_BUNDLE_IDENTIFIER = "cz.im-art.Tests";
				PRODUCT_NAME = "$(TARGET_NAME)";
				SWIFT_ACTIVE_COMPILATION_CONDITIONS = DEBUG;
				SWIFT_VERSION = 3.0;
			};
			name = Debug;
		};
		BBA24AC71EA9498B00ADCAAF /* Release */ = {
			isa = XCBuildConfiguration;
			buildSettings = {
				COMBINE_HIDPI_IMAGES = YES;
				DEVELOPMENT_TEAM = M36Y4P27ZU;
				INFOPLIST_FILE = Tests/Info.plist;
				LD_RUNPATH_SEARCH_PATHS = "$(inherited) @executable_path/../Frameworks @loader_path/../Frameworks";
				PRODUCT_BUNDLE_IDENTIFIER = "cz.im-art.Tests";
				PRODUCT_NAME = "$(TARGET_NAME)";
				SWIFT_OPTIMIZATION_LEVEL = "-Owholemodule";
				SWIFT_VERSION = 3.0;
			};
			name = Release;
		};
/* End XCBuildConfiguration section */

/* Begin XCConfigurationList section */
		BBA24A991EA9459800ADCAAF /* Build configuration list for PBXProject "Rubicon" */ = {
			isa = XCConfigurationList;
			buildConfigurations = (
				BBA24AA31EA9459800ADCAAF /* Debug */,
				BBA24AA41EA9459800ADCAAF /* Release */,
			);
			defaultConfigurationIsVisible = 0;
			defaultConfigurationName = Release;
		};
		BBA24AA51EA9459800ADCAAF /* Build configuration list for PBXNativeTarget "Rubicon" */ = {
			isa = XCConfigurationList;
			buildConfigurations = (
				BBA24AA61EA9459800ADCAAF /* Debug */,
				BBA24AA71EA9459800ADCAAF /* Release */,
			);
			defaultConfigurationIsVisible = 0;
			defaultConfigurationName = Release;
		};
		BBA24AC51EA9498B00ADCAAF /* Build configuration list for PBXNativeTarget "Tests" */ = {
			isa = XCConfigurationList;
			buildConfigurations = (
				BBA24AC61EA9498B00ADCAAF /* Debug */,
				BBA24AC71EA9498B00ADCAAF /* Release */,
			);
			defaultConfigurationIsVisible = 0;
			defaultConfigurationName = Release;
		};
/* End XCConfigurationList section */
	};
	rootObject = BBA24A961EA9459800ADCAAF /* Project object */;
}
