// !$*UTF8*$!
{
	archiveVersion = 1;
	classes = {
	};
	objectVersion = 56;
	objects = {

/* Begin PBXBuildFile section */
		66324BAC2AB84623009A3CBB /* Cocoa.framework in Frameworks */ = {isa = PBXBuildFile; fileRef = 66324BAB2AB84622009A3CBB /* Cocoa.framework */; };
		66324BB12AB84623009A3CBB /* SourceEditorExtension.swift in Sources */ = {isa = PBXBuildFile; fileRef = 66324BB02AB84623009A3CBB /* SourceEditorExtension.swift */; };
		66324BB82AB84623009A3CBB /* RubiconExtension.appex in Embed Foundation Extensions */ = {isa = PBXBuildFile; fileRef = 66324BA92AB84622009A3CBB /* RubiconExtension.appex */; settings = {ATTRIBUTES = (RemoveHeadersOnCopy, ); }; };
		66324BC02AB8464F009A3CBB /* InvocationGeneratorOutput.swift in Sources */ = {isa = PBXBuildFile; fileRef = 66324BBD2AB8464F009A3CBB /* InvocationGeneratorOutput.swift */; };
		66324BC12AB8464F009A3CBB /* PasteboardGeneratorOutput.swift in Sources */ = {isa = PBXBuildFile; fileRef = 66324BBE2AB8464F009A3CBB /* PasteboardGeneratorOutput.swift */; };
		667AB2802AB846F900886FD1 /* Rubicon in Frameworks */ = {isa = PBXBuildFile; productRef = 667AB27F2AB846F900886FD1 /* Rubicon */; };
		667AB2822AB848B100886FD1 /* Generate.swift in Sources */ = {isa = PBXBuildFile; fileRef = 66324BBF2AB8464F009A3CBB /* Generate.swift */; };
		667AB2842AB84A2D00886FD1 /* Rubicon in Frameworks */ = {isa = PBXBuildFile; productRef = 667AB2832AB84A2D00886FD1 /* Rubicon */; };
		66D05B572AB87531007D443D /* XcodeKit.framework in Frameworks */ = {isa = PBXBuildFile; fileRef = 66324BAD2AB84623009A3CBB /* XcodeKit.framework */; };
		66D05B582AB87531007D443D /* XcodeKit.framework in Embed Frameworks */ = {isa = PBXBuildFile; fileRef = 66324BAD2AB84623009A3CBB /* XcodeKit.framework */; settings = {ATTRIBUTES = (CodeSignOnCopy, RemoveHeadersOnCopy, ); }; };
		66DA42602AB845D00074F268 /* AppDelegate.swift in Sources */ = {isa = PBXBuildFile; fileRef = 66DA425F2AB845D00074F268 /* AppDelegate.swift */; };
		66DA42622AB845D00074F268 /* ViewController.swift in Sources */ = {isa = PBXBuildFile; fileRef = 66DA42612AB845D00074F268 /* ViewController.swift */; };
		66DA42642AB845D00074F268 /* Assets.xcassets in Resources */ = {isa = PBXBuildFile; fileRef = 66DA42632AB845D00074F268 /* Assets.xcassets */; };
		66DA42672AB845D00074F268 /* Main.storyboard in Resources */ = {isa = PBXBuildFile; fileRef = 66DA42652AB845D00074F268 /* Main.storyboard */; };
/* End PBXBuildFile section */

/* Begin PBXContainerItemProxy section */
		66324BB62AB84623009A3CBB /* PBXContainerItemProxy */ = {
			isa = PBXContainerItemProxy;
			containerPortal = 66DA42542AB845D00074F268 /* Project object */;
			proxyType = 1;
			remoteGlobalIDString = 66324BA82AB84622009A3CBB;
			remoteInfo = RubiconExtension;
		};
/* End PBXContainerItemProxy section */

/* Begin PBXCopyFilesBuildPhase section */
		66324BB92AB84623009A3CBB /* Embed Foundation Extensions */ = {
			isa = PBXCopyFilesBuildPhase;
			buildActionMask = 2147483647;
			dstPath = "";
			dstSubfolderSpec = 13;
			files = (
				66324BB82AB84623009A3CBB /* RubiconExtension.appex in Embed Foundation Extensions */,
			);
			name = "Embed Foundation Extensions";
			runOnlyForDeploymentPostprocessing = 0;
		};
		66D05B592AB87531007D443D /* Embed Frameworks */ = {
			isa = PBXCopyFilesBuildPhase;
			buildActionMask = 2147483647;
			dstPath = "";
			dstSubfolderSpec = 10;
			files = (
				66D05B582AB87531007D443D /* XcodeKit.framework in Embed Frameworks */,
			);
			name = "Embed Frameworks";
			runOnlyForDeploymentPostprocessing = 0;
		};
/* End PBXCopyFilesBuildPhase section */

/* Begin PBXFileReference section */
		66324BA92AB84622009A3CBB /* RubiconExtension.appex */ = {isa = PBXFileReference; explicitFileType = "wrapper.app-extension"; includeInIndex = 0; path = RubiconExtension.appex; sourceTree = BUILT_PRODUCTS_DIR; };
		66324BAB2AB84622009A3CBB /* Cocoa.framework */ = {isa = PBXFileReference; lastKnownFileType = wrapper.framework; name = Cocoa.framework; path = System/Library/Frameworks/Cocoa.framework; sourceTree = SDKROOT; };
		66324BAD2AB84623009A3CBB /* XcodeKit.framework */ = {isa = PBXFileReference; lastKnownFileType = wrapper.framework; name = XcodeKit.framework; path = Library/Frameworks/XcodeKit.framework; sourceTree = DEVELOPER_DIR; };
		66324BB02AB84623009A3CBB /* SourceEditorExtension.swift */ = {isa = PBXFileReference; lastKnownFileType = sourcecode.swift; path = SourceEditorExtension.swift; sourceTree = "<group>"; };
		66324BB42AB84623009A3CBB /* Info.plist */ = {isa = PBXFileReference; lastKnownFileType = text.plist.xml; path = Info.plist; sourceTree = "<group>"; };
		66324BB52AB84623009A3CBB /* RubiconExtension.entitlements */ = {isa = PBXFileReference; lastKnownFileType = text.plist.entitlements; path = RubiconExtension.entitlements; sourceTree = "<group>"; };
		66324BBD2AB8464F009A3CBB /* InvocationGeneratorOutput.swift */ = {isa = PBXFileReference; fileEncoding = 4; lastKnownFileType = sourcecode.swift; path = InvocationGeneratorOutput.swift; sourceTree = "<group>"; };
		66324BBE2AB8464F009A3CBB /* PasteboardGeneratorOutput.swift */ = {isa = PBXFileReference; fileEncoding = 4; lastKnownFileType = sourcecode.swift; path = PasteboardGeneratorOutput.swift; sourceTree = "<group>"; };
		66324BBF2AB8464F009A3CBB /* Generate.swift */ = {isa = PBXFileReference; fileEncoding = 4; lastKnownFileType = sourcecode.swift; path = Generate.swift; sourceTree = "<group>"; };
		66324BC42AB846C7009A3CBB /* Rubicon */ = {isa = PBXFileReference; lastKnownFileType = wrapper; name = Rubicon; path = ..; sourceTree = "<group>"; };
		66DA425C2AB845D00074F268 /* Rubicon for Xcode.app */ = {isa = PBXFileReference; explicitFileType = wrapper.application; includeInIndex = 0; path = "Rubicon for Xcode.app"; sourceTree = BUILT_PRODUCTS_DIR; };
		66DA425F2AB845D00074F268 /* AppDelegate.swift */ = {isa = PBXFileReference; lastKnownFileType = sourcecode.swift; path = AppDelegate.swift; sourceTree = "<group>"; };
		66DA42612AB845D00074F268 /* ViewController.swift */ = {isa = PBXFileReference; lastKnownFileType = sourcecode.swift; path = ViewController.swift; sourceTree = "<group>"; };
		66DA42632AB845D00074F268 /* Assets.xcassets */ = {isa = PBXFileReference; lastKnownFileType = folder.assetcatalog; path = Assets.xcassets; sourceTree = "<group>"; };
		66DA42662AB845D00074F268 /* Base */ = {isa = PBXFileReference; lastKnownFileType = file.storyboard; name = Base; path = Base.lproj/Main.storyboard; sourceTree = "<group>"; };
		66DA42682AB845D00074F268 /* RubiconApp.entitlements */ = {isa = PBXFileReference; lastKnownFileType = text.plist.entitlements; path = RubiconApp.entitlements; sourceTree = "<group>"; };
/* End PBXFileReference section */

/* Begin PBXFrameworksBuildPhase section */
		66324BA62AB84622009A3CBB /* Frameworks */ = {
			isa = PBXFrameworksBuildPhase;
			buildActionMask = 2147483647;
			files = (
				66D05B572AB87531007D443D /* XcodeKit.framework in Frameworks */,
				667AB2842AB84A2D00886FD1 /* Rubicon in Frameworks */,
				66324BAC2AB84623009A3CBB /* Cocoa.framework in Frameworks */,
			);
			runOnlyForDeploymentPostprocessing = 0;
		};
		66DA42592AB845D00074F268 /* Frameworks */ = {
			isa = PBXFrameworksBuildPhase;
			buildActionMask = 2147483647;
			files = (
				667AB2802AB846F900886FD1 /* Rubicon in Frameworks */,
			);
			runOnlyForDeploymentPostprocessing = 0;
		};
/* End PBXFrameworksBuildPhase section */

/* Begin PBXGroup section */
		66324BAA2AB84622009A3CBB /* Frameworks */ = {
			isa = PBXGroup;
			children = (
				66324BAB2AB84622009A3CBB /* Cocoa.framework */,
				66324BAD2AB84623009A3CBB /* XcodeKit.framework */,
			);
			name = Frameworks;
			sourceTree = "<group>";
		};
		66324BAF2AB84623009A3CBB /* RubiconExtension */ = {
			isa = PBXGroup;
			children = (
				66324BBF2AB8464F009A3CBB /* Generate.swift */,
				66324BBD2AB8464F009A3CBB /* InvocationGeneratorOutput.swift */,
				66324BBE2AB8464F009A3CBB /* PasteboardGeneratorOutput.swift */,
				66324BB02AB84623009A3CBB /* SourceEditorExtension.swift */,
				66324BB42AB84623009A3CBB /* Info.plist */,
				66324BB52AB84623009A3CBB /* RubiconExtension.entitlements */,
			);
			path = RubiconExtension;
			sourceTree = "<group>";
		};
		66324BC32AB846C7009A3CBB /* Packages */ = {
			isa = PBXGroup;
			children = (
				66324BC42AB846C7009A3CBB /* Rubicon */,
			);
			name = Packages;
			sourceTree = "<group>";
		};
		66DA42532AB845D00074F268 = {
			isa = PBXGroup;
			children = (
				66324BC32AB846C7009A3CBB /* Packages */,
				66DA425E2AB845D00074F268 /* RubiconApp */,
				66324BAF2AB84623009A3CBB /* RubiconExtension */,
				66324BAA2AB84622009A3CBB /* Frameworks */,
				66DA425D2AB845D00074F268 /* Products */,
			);
			sourceTree = "<group>";
		};
		66DA425D2AB845D00074F268 /* Products */ = {
			isa = PBXGroup;
			children = (
				66DA425C2AB845D00074F268 /* Rubicon for Xcode.app */,
				66324BA92AB84622009A3CBB /* RubiconExtension.appex */,
			);
			name = Products;
			sourceTree = "<group>";
		};
		66DA425E2AB845D00074F268 /* RubiconApp */ = {
			isa = PBXGroup;
			children = (
				66DA425F2AB845D00074F268 /* AppDelegate.swift */,
				66DA42612AB845D00074F268 /* ViewController.swift */,
				66DA42632AB845D00074F268 /* Assets.xcassets */,
				66DA42652AB845D00074F268 /* Main.storyboard */,
				66DA42682AB845D00074F268 /* RubiconApp.entitlements */,
			);
			path = RubiconApp;
			sourceTree = "<group>";
		};
/* End PBXGroup section */

/* Begin PBXNativeTarget section */
		66324BA82AB84622009A3CBB /* RubiconExtension */ = {
			isa = PBXNativeTarget;
			buildConfigurationList = 66324BBC2AB84623009A3CBB /* Build configuration list for PBXNativeTarget "RubiconExtension" */;
			buildPhases = (
				66324BA52AB84622009A3CBB /* Sources */,
				66324BA62AB84622009A3CBB /* Frameworks */,
				66324BA72AB84622009A3CBB /* Resources */,
				66D05B592AB87531007D443D /* Embed Frameworks */,
			);
			buildRules = (
			);
			dependencies = (
			);
			name = RubiconExtension;
			packageProductDependencies = (
				667AB2832AB84A2D00886FD1 /* Rubicon */,
			);
			productName = RubiconExtension;
			productReference = 66324BA92AB84622009A3CBB /* RubiconExtension.appex */;
			productType = "com.apple.product-type.xcode-extension";
		};
		66DA425B2AB845D00074F268 /* Rubicon */ = {
			isa = PBXNativeTarget;
			buildConfigurationList = 66DA42812AB845D00074F268 /* Build configuration list for PBXNativeTarget "Rubicon" */;
			buildPhases = (
				66DA42582AB845D00074F268 /* Sources */,
				66DA42592AB845D00074F268 /* Frameworks */,
				66DA425A2AB845D00074F268 /* Resources */,
				66324BB92AB84623009A3CBB /* Embed Foundation Extensions */,
			);
			buildRules = (
			);
			dependencies = (
				66324BB72AB84623009A3CBB /* PBXTargetDependency */,
			);
			name = Rubicon;
			packageProductDependencies = (
				667AB27F2AB846F900886FD1 /* Rubicon */,
			);
			productName = RubiconApp;
			productReference = 66DA425C2AB845D00074F268 /* Rubicon for Xcode.app */;
			productType = "com.apple.product-type.application";
		};
/* End PBXNativeTarget section */

/* Begin PBXProject section */
		66DA42542AB845D00074F268 /* Project object */ = {
			isa = PBXProject;
			attributes = {
				BuildIndependentTargetsInParallel = 1;
				LastSwiftUpdateCheck = 1430;
				LastUpgradeCheck = 1430;
				TargetAttributes = {
					66324BA82AB84622009A3CBB = {
						CreatedOnToolsVersion = 14.3.1;
					};
					66DA425B2AB845D00074F268 = {
						CreatedOnToolsVersion = 14.3.1;
					};
				};
			};
			buildConfigurationList = 66DA42572AB845D00074F268 /* Build configuration list for PBXProject "RubiconApp" */;
			compatibilityVersion = "Xcode 14.0";
			developmentRegion = en;
			hasScannedForEncodings = 0;
			knownRegions = (
				en,
				Base,
			);
			mainGroup = 66DA42532AB845D00074F268;
			productRefGroup = 66DA425D2AB845D00074F268 /* Products */;
			projectDirPath = "";
			projectRoot = "";
			targets = (
				66DA425B2AB845D00074F268 /* Rubicon */,
				66324BA82AB84622009A3CBB /* RubiconExtension */,
			);
		};
/* End PBXProject section */

/* Begin PBXResourcesBuildPhase section */
		66324BA72AB84622009A3CBB /* Resources */ = {
			isa = PBXResourcesBuildPhase;
			buildActionMask = 2147483647;
			files = (
			);
			runOnlyForDeploymentPostprocessing = 0;
		};
		66DA425A2AB845D00074F268 /* Resources */ = {
			isa = PBXResourcesBuildPhase;
			buildActionMask = 2147483647;
			files = (
				66DA42642AB845D00074F268 /* Assets.xcassets in Resources */,
				66DA42672AB845D00074F268 /* Main.storyboard in Resources */,
			);
			runOnlyForDeploymentPostprocessing = 0;
		};
/* End PBXResourcesBuildPhase section */

/* Begin PBXSourcesBuildPhase section */
		66324BA52AB84622009A3CBB /* Sources */ = {
			isa = PBXSourcesBuildPhase;
			buildActionMask = 2147483647;
			files = (
				667AB2822AB848B100886FD1 /* Generate.swift in Sources */,
				66324BB12AB84623009A3CBB /* SourceEditorExtension.swift in Sources */,
				66324BC02AB8464F009A3CBB /* InvocationGeneratorOutput.swift in Sources */,
				66324BC12AB8464F009A3CBB /* PasteboardGeneratorOutput.swift in Sources */,
			);
			runOnlyForDeploymentPostprocessing = 0;
		};
		66DA42582AB845D00074F268 /* Sources */ = {
			isa = PBXSourcesBuildPhase;
			buildActionMask = 2147483647;
			files = (
				66DA42622AB845D00074F268 /* ViewController.swift in Sources */,
				66DA42602AB845D00074F268 /* AppDelegate.swift in Sources */,
			);
			runOnlyForDeploymentPostprocessing = 0;
		};
/* End PBXSourcesBuildPhase section */

/* Begin PBXTargetDependency section */
		66324BB72AB84623009A3CBB /* PBXTargetDependency */ = {
			isa = PBXTargetDependency;
			target = 66324BA82AB84622009A3CBB /* RubiconExtension */;
			targetProxy = 66324BB62AB84623009A3CBB /* PBXContainerItemProxy */;
		};
/* End PBXTargetDependency section */

/* Begin PBXVariantGroup section */
		66DA42652AB845D00074F268 /* Main.storyboard */ = {
			isa = PBXVariantGroup;
			children = (
				66DA42662AB845D00074F268 /* Base */,
			);
			name = Main.storyboard;
			sourceTree = "<group>";
		};
/* End PBXVariantGroup section */

/* Begin XCBuildConfiguration section */
		66324BBA2AB84623009A3CBB /* Debug */ = {
			isa = XCBuildConfiguration;
			buildSettings = {
				CODE_SIGN_ENTITLEMENTS = RubiconExtension/RubiconExtension.entitlements;
				"CODE_SIGN_IDENTITY[sdk=macosx*]" = "Mac Developer";
				CODE_SIGN_STYLE = Manual;
				COMBINE_HIDPI_IMAGES = YES;
				CURRENT_PROJECT_VERSION = 43;
				DEVELOPMENT_ASSET_PATHS = ..;
				DEVELOPMENT_TEAM = "";
				"DEVELOPMENT_TEAM[sdk=macosx*]" = 473264X5JK;
				GENERATE_INFOPLIST_FILE = YES;
				INFOPLIST_FILE = RubiconExtension/Info.plist;
				INFOPLIST_KEY_CFBundleDisplayName = Rubicon;
				INFOPLIST_KEY_NSHumanReadableCopyright = "";
				LD_RUNPATH_SEARCH_PATHS = (
					"$(inherited)",
					"@executable_path/../Frameworks",
					"@executable_path/../../../../Frameworks",
				);
				MARKETING_VERSION = 3.0.0;
				PRODUCT_BUNDLE_IDENTIFIER = "com.cleverlance.rubicon.xcode-enxtension";
				PRODUCT_NAME = "$(TARGET_NAME)";
				PROVISIONING_PROFILE_SPECIFIER = "";
				"PROVISIONING_PROFILE_SPECIFIER[sdk=macosx*]" = "Rubicon Xcode Extension";
				SKIP_INSTALL = YES;
				SWIFT_EMIT_LOC_STRINGS = YES;
				SWIFT_VERSION = 5.0;
			};
			name = Debug;
		};
		66324BBB2AB84623009A3CBB /* Release */ = {
			isa = XCBuildConfiguration;
			buildSettings = {
				CODE_SIGN_ENTITLEMENTS = RubiconExtension/RubiconExtension.entitlements;
				"CODE_SIGN_IDENTITY[sdk=macosx*]" = "3rd Party Mac Developer Application";
				CODE_SIGN_STYLE = Manual;
				COMBINE_HIDPI_IMAGES = YES;
				CURRENT_PROJECT_VERSION = 43;
				DEVELOPMENT_ASSET_PATHS = ..;
				DEVELOPMENT_TEAM = "";
				"DEVELOPMENT_TEAM[sdk=macosx*]" = 473264X5JK;
				GENERATE_INFOPLIST_FILE = YES;
				INFOPLIST_FILE = RubiconExtension/Info.plist;
				INFOPLIST_KEY_CFBundleDisplayName = Rubicon;
				INFOPLIST_KEY_NSHumanReadableCopyright = "";
				LD_RUNPATH_SEARCH_PATHS = (
					"$(inherited)",
					"@executable_path/../Frameworks",
					"@executable_path/../../../../Frameworks",
				);
				MARKETING_VERSION = 3.0.0;
				PRODUCT_BUNDLE_IDENTIFIER = "com.cleverlance.rubicon.xcode-enxtension";
				PRODUCT_NAME = "$(TARGET_NAME)";
				PROVISIONING_PROFILE_SPECIFIER = "";
				"PROVISIONING_PROFILE_SPECIFIER[sdk=macosx*]" = "Rubicon Xcode Extension App Store";
				SKIP_INSTALL = YES;
				SWIFT_EMIT_LOC_STRINGS = YES;
				SWIFT_VERSION = 5.0;
			};
			name = Release;
		};
		66DA427F2AB845D00074F268 /* Debug */ = {
			isa = XCBuildConfiguration;
			buildSettings = {
				ALWAYS_SEARCH_USER_PATHS = NO;
				CLANG_ANALYZER_NONNULL = YES;
				CLANG_ANALYZER_NUMBER_OBJECT_CONVERSION = YES_AGGRESSIVE;
				CLANG_CXX_LANGUAGE_STANDARD = "gnu++20";
				CLANG_ENABLE_MODULES = YES;
				CLANG_ENABLE_OBJC_ARC = YES;
				CLANG_ENABLE_OBJC_WEAK = YES;
				CLANG_WARN_BLOCK_CAPTURE_AUTORELEASING = YES;
				CLANG_WARN_BOOL_CONVERSION = YES;
				CLANG_WARN_COMMA = YES;
				CLANG_WARN_CONSTANT_CONVERSION = YES;
				CLANG_WARN_DEPRECATED_OBJC_IMPLEMENTATIONS = YES;
				CLANG_WARN_DIRECT_OBJC_ISA_USAGE = YES_ERROR;
				CLANG_WARN_DOCUMENTATION_COMMENTS = YES;
				CLANG_WARN_EMPTY_BODY = YES;
				CLANG_WARN_ENUM_CONVERSION = YES;
				CLANG_WARN_INFINITE_RECURSION = YES;
				CLANG_WARN_INT_CONVERSION = YES;
				CLANG_WARN_NON_LITERAL_NULL_CONVERSION = YES;
				CLANG_WARN_OBJC_IMPLICIT_RETAIN_SELF = YES;
				CLANG_WARN_OBJC_LITERAL_CONVERSION = YES;
				CLANG_WARN_OBJC_ROOT_CLASS = YES_ERROR;
				CLANG_WARN_QUOTED_INCLUDE_IN_FRAMEWORK_HEADER = YES;
				CLANG_WARN_RANGE_LOOP_ANALYSIS = YES;
				CLANG_WARN_STRICT_PROTOTYPES = YES;
				CLANG_WARN_SUSPICIOUS_MOVE = YES;
				CLANG_WARN_UNGUARDED_AVAILABILITY = YES_AGGRESSIVE;
				CLANG_WARN_UNREACHABLE_CODE = YES;
				CLANG_WARN__DUPLICATE_METHOD_MATCH = YES;
				COPY_PHASE_STRIP = NO;
				DEBUG_INFORMATION_FORMAT = dwarf;
				ENABLE_STRICT_OBJC_MSGSEND = YES;
				ENABLE_TESTABILITY = YES;
				GCC_C_LANGUAGE_STANDARD = gnu11;
				GCC_DYNAMIC_NO_PIC = NO;
				GCC_NO_COMMON_BLOCKS = YES;
				GCC_OPTIMIZATION_LEVEL = 0;
				GCC_PREPROCESSOR_DEFINITIONS = (
					"DEBUG=1",
					"$(inherited)",
				);
				GCC_WARN_64_TO_32_BIT_CONVERSION = YES;
				GCC_WARN_ABOUT_RETURN_TYPE = YES_ERROR;
				GCC_WARN_UNDECLARED_SELECTOR = YES;
				GCC_WARN_UNINITIALIZED_AUTOS = YES_AGGRESSIVE;
				GCC_WARN_UNUSED_FUNCTION = YES;
				GCC_WARN_UNUSED_VARIABLE = YES;
				MACOSX_DEPLOYMENT_TARGET = 13.3;
				MTL_ENABLE_DEBUG_INFO = INCLUDE_SOURCE;
				MTL_FAST_MATH = YES;
				ONLY_ACTIVE_ARCH = YES;
				SDKROOT = macosx;
				SWIFT_ACTIVE_COMPILATION_CONDITIONS = DEBUG;
				SWIFT_OPTIMIZATION_LEVEL = "-Onone";
			};
			name = Debug;
		};
		66DA42802AB845D00074F268 /* Release */ = {
			isa = XCBuildConfiguration;
			buildSettings = {
				ALWAYS_SEARCH_USER_PATHS = NO;
				CLANG_ANALYZER_NONNULL = YES;
				CLANG_ANALYZER_NUMBER_OBJECT_CONVERSION = YES_AGGRESSIVE;
				CLANG_CXX_LANGUAGE_STANDARD = "gnu++20";
				CLANG_ENABLE_MODULES = YES;
				CLANG_ENABLE_OBJC_ARC = YES;
				CLANG_ENABLE_OBJC_WEAK = YES;
				CLANG_WARN_BLOCK_CAPTURE_AUTORELEASING = YES;
				CLANG_WARN_BOOL_CONVERSION = YES;
				CLANG_WARN_COMMA = YES;
				CLANG_WARN_CONSTANT_CONVERSION = YES;
				CLANG_WARN_DEPRECATED_OBJC_IMPLEMENTATIONS = YES;
				CLANG_WARN_DIRECT_OBJC_ISA_USAGE = YES_ERROR;
				CLANG_WARN_DOCUMENTATION_COMMENTS = YES;
				CLANG_WARN_EMPTY_BODY = YES;
				CLANG_WARN_ENUM_CONVERSION = YES;
				CLANG_WARN_INFINITE_RECURSION = YES;
				CLANG_WARN_INT_CONVERSION = YES;
				CLANG_WARN_NON_LITERAL_NULL_CONVERSION = YES;
				CLANG_WARN_OBJC_IMPLICIT_RETAIN_SELF = YES;
				CLANG_WARN_OBJC_LITERAL_CONVERSION = YES;
				CLANG_WARN_OBJC_ROOT_CLASS = YES_ERROR;
				CLANG_WARN_QUOTED_INCLUDE_IN_FRAMEWORK_HEADER = YES;
				CLANG_WARN_RANGE_LOOP_ANALYSIS = YES;
				CLANG_WARN_STRICT_PROTOTYPES = YES;
				CLANG_WARN_SUSPICIOUS_MOVE = YES;
				CLANG_WARN_UNGUARDED_AVAILABILITY = YES_AGGRESSIVE;
				CLANG_WARN_UNREACHABLE_CODE = YES;
				CLANG_WARN__DUPLICATE_METHOD_MATCH = YES;
				COPY_PHASE_STRIP = NO;
				DEBUG_INFORMATION_FORMAT = "dwarf-with-dsym";
				ENABLE_NS_ASSERTIONS = NO;
				ENABLE_STRICT_OBJC_MSGSEND = YES;
				GCC_C_LANGUAGE_STANDARD = gnu11;
				GCC_NO_COMMON_BLOCKS = YES;
				GCC_WARN_64_TO_32_BIT_CONVERSION = YES;
				GCC_WARN_ABOUT_RETURN_TYPE = YES_ERROR;
				GCC_WARN_UNDECLARED_SELECTOR = YES;
				GCC_WARN_UNINITIALIZED_AUTOS = YES_AGGRESSIVE;
				GCC_WARN_UNUSED_FUNCTION = YES;
				GCC_WARN_UNUSED_VARIABLE = YES;
				MACOSX_DEPLOYMENT_TARGET = 13.3;
				MTL_ENABLE_DEBUG_INFO = NO;
				MTL_FAST_MATH = YES;
				SDKROOT = macosx;
				SWIFT_COMPILATION_MODE = wholemodule;
				SWIFT_OPTIMIZATION_LEVEL = "-O";
			};
			name = Release;
		};
		66DA42822AB845D00074F268 /* Debug */ = {
			isa = XCBuildConfiguration;
			buildSettings = {
				ALWAYS_EMBED_SWIFT_STANDARD_LIBRARIES = YES;
				ASSETCATALOG_COMPILER_APPICON_NAME = AppIcon;
				ASSETCATALOG_COMPILER_GLOBAL_ACCENT_COLOR_NAME = AccentColor;
				CODE_SIGN_ENTITLEMENTS = RubiconApp/RubiconApp.entitlements;
				"CODE_SIGN_IDENTITY[sdk=macosx*]" = "Mac Developer";
				CODE_SIGN_STYLE = Manual;
				COMBINE_HIDPI_IMAGES = YES;
				CURRENT_PROJECT_VERSION = 46;
				DEVELOPMENT_TEAM = "";
				"DEVELOPMENT_TEAM[sdk=macosx*]" = 473264X5JK;
				GENERATE_INFOPLIST_FILE = YES;
				INFOPLIST_FILE = RubiconApp/Info.plist;
				INFOPLIST_KEY_CFBundleDisplayName = Rubicon;
				INFOPLIST_KEY_LSApplicationCategoryType = "public.app-category.developer-tools";
				INFOPLIST_KEY_NSHumanReadableCopyright = "";
				INFOPLIST_KEY_NSMainStoryboardFile = Main;
				INFOPLIST_KEY_NSPrincipalClass = NSApplication;
				LD_RUNPATH_SEARCH_PATHS = (
					"$(inherited)",
					"@executable_path/../Frameworks",
				);
				MARKETING_VERSION = 3.1.0;
				PRODUCT_BUNDLE_IDENTIFIER = com.cleverlance.rubicon;
				PRODUCT_NAME = "Rubicon for Xcode";
				PROVISIONING_PROFILE_SPECIFIER = "";
				"PROVISIONING_PROFILE_SPECIFIER[sdk=macosx*]" = "Rubicon macOS Dev";
				SWIFT_EMIT_LOC_STRINGS = YES;
				SWIFT_VERSION = 5.0;
			};
			name = Debug;
		};
		66DA42832AB845D00074F268 /* Release */ = {
			isa = XCBuildConfiguration;
			buildSettings = {
				ALWAYS_EMBED_SWIFT_STANDARD_LIBRARIES = YES;
				ASSETCATALOG_COMPILER_APPICON_NAME = AppIcon;
				ASSETCATALOG_COMPILER_GLOBAL_ACCENT_COLOR_NAME = AccentColor;
				CODE_SIGN_ENTITLEMENTS = RubiconApp/RubiconApp.entitlements;
				"CODE_SIGN_IDENTITY[sdk=macosx*]" = "3rd Party Mac Developer Application";
				CODE_SIGN_STYLE = Manual;
				COMBINE_HIDPI_IMAGES = YES;
				CURRENT_PROJECT_VERSION = 46;
				DEVELOPMENT_TEAM = "";
				"DEVELOPMENT_TEAM[sdk=macosx*]" = 473264X5JK;
				GENERATE_INFOPLIST_FILE = YES;
				INFOPLIST_FILE = RubiconApp/Info.plist;
				INFOPLIST_KEY_CFBundleDisplayName = Rubicon;
				INFOPLIST_KEY_LSApplicationCategoryType = "public.app-category.developer-tools";
				INFOPLIST_KEY_NSHumanReadableCopyright = "";
				INFOPLIST_KEY_NSMainStoryboardFile = Main;
				INFOPLIST_KEY_NSPrincipalClass = NSApplication;
				LD_RUNPATH_SEARCH_PATHS = (
					"$(inherited)",
					"@executable_path/../Frameworks",
				);
				MARKETING_VERSION = 3.1.0;
				PRODUCT_BUNDLE_IDENTIFIER = com.cleverlance.rubicon;
				PRODUCT_NAME = "Rubicon for Xcode";
				PROVISIONING_PROFILE_SPECIFIER = "";
				"PROVISIONING_PROFILE_SPECIFIER[sdk=macosx*]" = "Rubicon App Store";
				SWIFT_EMIT_LOC_STRINGS = YES;
				SWIFT_VERSION = 5.0;
			};
			name = Release;
		};
/* End XCBuildConfiguration section */

/* Begin XCConfigurationList section */
		66324BBC2AB84623009A3CBB /* Build configuration list for PBXNativeTarget "RubiconExtension" */ = {
			isa = XCConfigurationList;
			buildConfigurations = (
				66324BBA2AB84623009A3CBB /* Debug */,
				66324BBB2AB84623009A3CBB /* Release */,
			);
			defaultConfigurationIsVisible = 0;
			defaultConfigurationName = Release;
		};
		66DA42572AB845D00074F268 /* Build configuration list for PBXProject "RubiconApp" */ = {
			isa = XCConfigurationList;
			buildConfigurations = (
				66DA427F2AB845D00074F268 /* Debug */,
				66DA42802AB845D00074F268 /* Release */,
			);
			defaultConfigurationIsVisible = 0;
			defaultConfigurationName = Release;
		};
		66DA42812AB845D00074F268 /* Build configuration list for PBXNativeTarget "Rubicon" */ = {
			isa = XCConfigurationList;
			buildConfigurations = (
				66DA42822AB845D00074F268 /* Debug */,
				66DA42832AB845D00074F268 /* Release */,
			);
			defaultConfigurationIsVisible = 0;
			defaultConfigurationName = Release;
		};
/* End XCConfigurationList section */

/* Begin XCSwiftPackageProductDependency section */
		667AB27F2AB846F900886FD1 /* Rubicon */ = {
			isa = XCSwiftPackageProductDependency;
			productName = Rubicon;
		};
		667AB2832AB84A2D00886FD1 /* Rubicon */ = {
			isa = XCSwiftPackageProductDependency;
			productName = Rubicon;
		};
/* End XCSwiftPackageProductDependency section */
	};
	rootObject = 66DA42542AB845D00074F268 /* Project object */;
}
